
Microsoft Visual Studio Solution File, Format Version 12.00
# Visual Studio Version 16
VisualStudioVersion = 16.0.30204.135
MinimumVisualStudioVersion = 10.0.40219.1
Project("{FAE04EC0-301F-11D3-BF4B-00C04F79EFBC}") = "netcore_gyakorlas", "netcore_gyakorlas\netcore_gyakorlas.csproj", "{44DEC3DF-D6DC-46A7-9541-4E8CCCD6EFC7}"
EndProject
Global
	GlobalSection(SolutionConfigurationPlatforms) = preSolution
		Debug|Any CPU = Debug|Any CPU
		Release|Any CPU = Release|Any CPU
	EndGlobalSection
	GlobalSection(ProjectConfigurationPlatforms) = postSolution
		{44DEC3DF-D6DC-46A7-9541-4E8CCCD6EFC7}.Debug|Any CPU.ActiveCfg = Debug|Any CPU
		{44DEC3DF-D6DC-46A7-9541-4E8CCCD6EFC7}.Debug|Any CPU.Build.0 = Debug|Any CPU
		{44DEC3DF-D6DC-46A7-9541-4E8CCCD6EFC7}.Release|Any CPU.ActiveCfg = Release|Any CPU
		{44DEC3DF-D6DC-46A7-9541-4E8CCCD6EFC7}.Release|Any CPU.Build.0 = Release|Any CPU
	EndGlobalSection
	GlobalSection(SolutionProperties) = preSolution
		HideSolutionNode = FALSE
	EndGlobalSection
	GlobalSection(ExtensibilityGlobals) = postSolution
		SolutionGuid = {E1D41C9E-C2DF-4923-86B1-2E2038EF80C3}
	EndGlobalSection
EndGlobal
